
Microsoft Visual Studio Solution File, Format Version 12.00
# Visual Studio Version 17
VisualStudioVersion = 17.14.36717.8 d17.14
MinimumVisualStudioVersion = 10.0.40219.1
Project("{8BC9CEB8-8B4A-11D0-8D11-00A0C91BC942}") = "onnx_ocr_test", "onnx_ocr_test\onnx_ocr_test.vcxproj", "{CCD1A8B7-FA4B-430F-8C8C-F3C30458402C}"
EndProject
Global
	GlobalSection(SolutionConfigurationPlatforms) = preSolution
		Debug|x64 = Debug|x64
		Debug|x86 = Debug|x86
		Release|x64 = Release|x64
		Release|x86 = Release|x86
	EndGlobalSection
	GlobalSection(ProjectConfigurationPlatforms) = postSolution
		{CCD1A8B7-FA4B-430F-8C8C-F3C30458402C}.Debug|x64.ActiveCfg = Debug|x64
		{CCD1A8B7-FA4B-430F-8C8C-F3C30458402C}.Debug|x64.Build.0 = Debug|x64
		{CCD1A8B7-FA4B-430F-8C8C-F3C30458402C}.Debug|x86.ActiveCfg = Debug|Win32
		{CCD1A8B7-FA4B-430F-8C8C-F3C30458402C}.Debug|x86.Build.0 = Debug|Win32
		{CCD1A8B7-FA4B-430F-8C8C-F3C30458402C}.Release|x64.ActiveCfg = Release|x64
		{CCD1A8B7-FA4B-430F-8C8C-F3C30458402C}.Release|x64.Build.0 = Release|x64
		{CCD1A8B7-FA4B-430F-8C8C-F3C30458402C}.Release|x86.ActiveCfg = Release|Win32
		{CCD1A8B7-FA4B-430F-8C8C-F3C30458402C}.Release|x86.Build.0 = Release|Win32
	EndGlobalSection
	GlobalSection(SolutionProperties) = preSolution
		HideSolutionNode = FALSE
	EndGlobalSection
	GlobalSection(ExtensibilityGlobals) = postSolution
		SolutionGuid = {ED8AF996-212E-40A7-BE15-D34859A0E705}
	EndGlobalSection
EndGlobal
